{
  "lockfileVersion": 1,
  "configVersion": 1,
  "workspaces": {
    "": {
      "name": "bys-api-service",
      "dependencies": {
        "@hono/node-server": "^2.0.2",
        "hono": "^4.12.18",
      },
    },
  },
  "packages": {
    "@hono/node-server": ["@hono/node-server@2.0.2", "", { "peerDependencies": { "hono": "^4" } }, "sha512-tXlTi1h/4V7sDe7i97IVP+9re9ZU7wXZZggnR5ucCRclf1+AX6YhGStrR5w8bLj+3Mlyl0pKfBh9gqTqqnGKfQ=="],

    "hono": ["hono@4.12.18", "", {}, "sha512-RWzP96k/yv0PQfyXnWjs6zot20TqfpfsNXhOnev8d1InAxubW93L11/oNUc3tQqn2G0bSdAOBpX+2uDFHV7kdQ=="],
  }
}
